// !$*UTF8*$!
{
	archiveVersion = 1;
	classes = {
	};
	objectVersion = 48;
	objects = {

/* Begin PBXBuildFile section */
		2728EA541FE29AF100DCB934 /* AppDelegate.swift in Sources */ = {isa = PBXBuildFile; fileRef = 2728EA531FE29AF100DCB934 /* AppDelegate.swift */; };
		2728EA561FE29AF100DCB934 /* ViewController.swift in Sources */ = {isa = PBXBuildFile; fileRef = 2728EA551FE29AF100DCB934 /* ViewController.swift */; };
		2728EA591FE29AF100DCB934 /* Main.storyboard in Resources */ = {isa = PBXBuildFile; fileRef = 2728EA571FE29AF100DCB934 /* Main.storyboard */; };
		2728EA5B1FE29AF100DCB934 /* Assets.xcassets in Resources */ = {isa = PBXBuildFile; fileRef = 2728EA5A1FE29AF100DCB934 /* Assets.xcassets */; };
		2728EA5E1FE29AF100DCB934 /* LaunchScreen.storyboard in Resources */ = {isa = PBXBuildFile; fileRef = 2728EA5C1FE29AF100DCB934 /* LaunchScreen.storyboard */; };
		2728EA671FE2A04B00DCB934 /* Berry.swift in Sources */ = {isa = PBXBuildFile; fileRef = 2728EA661FE2A04B00DCB934 /* Berry.swift */; };
		2728EA691FE2A65200DCB934 /* Firmness.swift in Sources */ = {isa = PBXBuildFile; fileRef = 2728EA681FE2A65200DCB934 /* Firmness.swift */; };
		2728EA6B1FE2A66E00DCB934 /* Flavor.swift in Sources */ = {isa = PBXBuildFile; fileRef = 2728EA6A1FE2A66E00DCB934 /* Flavor.swift */; };
		2728EA6D1FE2A6E400DCB934 /* Item.swift in Sources */ = {isa = PBXBuildFile; fileRef = 2728EA6C1FE2A6E400DCB934 /* Item.swift */; };
		2728EA6F1FE2A6FA00DCB934 /* NaturalGiftType.swift in Sources */ = {isa = PBXBuildFile; fileRef = 2728EA6E1FE2A6FA00DCB934 /* NaturalGiftType.swift */; };
		2728EA721FE2A77300DCB934 /* Urls.swift in Sources */ = {isa = PBXBuildFile; fileRef = 2728EA711FE2A77300DCB934 /* Urls.swift */; };
		275E51741FE2BE23003FE597 /* MoyaLayer.swift in Sources */ = {isa = PBXBuildFile; fileRef = 275E51731FE2BE23003FE597 /* MoyaLayer.swift */; };
		275E51771FE2D2AF003FE597 /* RequestClient.swift in Sources */ = {isa = PBXBuildFile; fileRef = 275E51761FE2D2AF003FE597 /* RequestClient.swift */; };
		275E51791FE2D553003FE597 /* JSONCoder.swift in Sources */ = {isa = PBXBuildFile; fileRef = 275E51781FE2D553003FE597 /* JSONCoder.swift */; };
		5D818B3BA3158B6FA2D2D2BF /* Pods_PokeApi_Client___JSON_Decoder.framework in Frameworks */ = {isa = PBXBuildFile; fileRef = 8D16D1DC5268236EE3FD09B3 /* Pods_PokeApi_Client___JSON_Decoder.framework */; };
/* End PBXBuildFile section */

/* Begin PBXFileReference section */
		2728EA501FE29AF100DCB934 /* PokeApi Decoder.app */ = {isa = PBXFileReference; explicitFileType = wrapper.application; includeInIndex = 0; path = "PokeApi Decoder.app"; sourceTree = BUILT_PRODUCTS_DIR; };
		2728EA531FE29AF100DCB934 /* AppDelegate.swift */ = {isa = PBXFileReference; lastKnownFileType = sourcecode.swift; path = AppDelegate.swift; sourceTree = "<group>"; };
		2728EA551FE29AF100DCB934 /* ViewController.swift */ = {isa = PBXFileReference; lastKnownFileType = sourcecode.swift; path = ViewController.swift; sourceTree = "<group>"; };
		2728EA581FE29AF100DCB934 /* Base */ = {isa = PBXFileReference; lastKnownFileType = file.storyboard; name = Base; path = Base.lproj/Main.storyboard; sourceTree = "<group>"; };
		2728EA5A1FE29AF100DCB934 /* Assets.xcassets */ = {isa = PBXFileReference; lastKnownFileType = folder.assetcatalog; path = Assets.xcassets; sourceTree = "<group>"; };
		2728EA5D1FE29AF100DCB934 /* Base */ = {isa = PBXFileReference; lastKnownFileType = file.storyboard; name = Base; path = Base.lproj/LaunchScreen.storyboard; sourceTree = "<group>"; };
		2728EA5F1FE29AF100DCB934 /* Info.plist */ = {isa = PBXFileReference; lastKnownFileType = text.plist.xml; path = Info.plist; sourceTree = "<group>"; };
		2728EA661FE2A04B00DCB934 /* Berry.swift */ = {isa = PBXFileReference; lastKnownFileType = sourcecode.swift; path = Berry.swift; sourceTree = "<group>"; };
		2728EA681FE2A65200DCB934 /* Firmness.swift */ = {isa = PBXFileReference; lastKnownFileType = sourcecode.swift; path = Firmness.swift; sourceTree = "<group>"; };
		2728EA6A1FE2A66E00DCB934 /* Flavor.swift */ = {isa = PBXFileReference; lastKnownFileType = sourcecode.swift; path = Flavor.swift; sourceTree = "<group>"; };
		2728EA6C1FE2A6E400DCB934 /* Item.swift */ = {isa = PBXFileReference; lastKnownFileType = sourcecode.swift; path = Item.swift; sourceTree = "<group>"; };
		2728EA6E1FE2A6FA00DCB934 /* NaturalGiftType.swift */ = {isa = PBXFileReference; lastKnownFileType = sourcecode.swift; path = NaturalGiftType.swift; sourceTree = "<group>"; };
		2728EA711FE2A77300DCB934 /* Urls.swift */ = {isa = PBXFileReference; lastKnownFileType = sourcecode.swift; path = Urls.swift; sourceTree = "<group>"; };
		275E51731FE2BE23003FE597 /* MoyaLayer.swift */ = {isa = PBXFileReference; lastKnownFileType = sourcecode.swift; path = MoyaLayer.swift; sourceTree = "<group>"; };
		275E51761FE2D2AF003FE597 /* RequestClient.swift */ = {isa = PBXFileReference; lastKnownFileType = sourcecode.swift; path = RequestClient.swift; sourceTree = "<group>"; };
		275E51781FE2D553003FE597 /* JSONCoder.swift */ = {isa = PBXFileReference; lastKnownFileType = sourcecode.swift; path = JSONCoder.swift; sourceTree = "<group>"; };
		55F67480F2619B6DFD8BF9CE /* Pods-PokeApi Client - JSON Decoder.debug.xcconfig */ = {isa = PBXFileReference; includeInIndex = 1; lastKnownFileType = text.xcconfig; name = "Pods-PokeApi Client - JSON Decoder.debug.xcconfig"; path = "Pods/Target Support Files/Pods-PokeApi Client - JSON Decoder/Pods-PokeApi Client - JSON Decoder.debug.xcconfig"; sourceTree = "<group>"; };
		8D16D1DC5268236EE3FD09B3 /* Pods_PokeApi_Client___JSON_Decoder.framework */ = {isa = PBXFileReference; explicitFileType = wrapper.framework; includeInIndex = 0; path = "Pods_PokeApi_Client___JSON_Decoder.framework"; sourceTree = BUILT_PRODUCTS_DIR; };
		90E84F24D1BA810DE073F082 /* Pods-PokeApi Client - JSON Decoder.release.xcconfig */ = {isa = PBXFileReference; includeInIndex = 1; lastKnownFileType = text.xcconfig; name = "Pods-PokeApi Client - JSON Decoder.release.xcconfig"; path = "Pods/Target Support Files/Pods-PokeApi Client - JSON Decoder/Pods-PokeApi Client - JSON Decoder.release.xcconfig"; sourceTree = "<group>"; };
/* End PBXFileReference section */

/* Begin PBXFrameworksBuildPhase section */
		2728EA4D1FE29AF100DCB934 /* Frameworks */ = {
			isa = PBXFrameworksBuildPhase;
			buildActionMask = 2147483647;
			files = (
				5D818B3BA3158B6FA2D2D2BF /* Pods_PokeApi_Client___JSON_Decoder.framework in Frameworks */,
			);
			runOnlyForDeploymentPostprocessing = 0;
		};
/* End PBXFrameworksBuildPhase section */

/* Begin PBXGroup section */
		2728EA471FE29AF100DCB934 = {
			isa = PBXGroup;
			children = (
				2728EA521FE29AF100DCB934 /* PokeApi Decoder */,
				2728EA511FE29AF100DCB934 /* Products */,
				9C118000AF55B9E866D5033B /* Pods */,
				653B72B27E17EFCBC70EDA98 /* Frameworks */,
			);
			sourceTree = "<group>";
		};
		2728EA511FE29AF100DCB934 /* Products */ = {
			isa = PBXGroup;
			children = (
				2728EA501FE29AF100DCB934 /* PokeApi Decoder.app */,
			);
			name = Products;
			sourceTree = "<group>";
		};
		2728EA521FE29AF100DCB934 /* PokeApi Decoder */ = {
			isa = PBXGroup;
			children = (
				275E51721FE2BDE6003FE597 /* Services */,
				2728EA701FE2A75300DCB934 /* Constants */,
				2728EA651FE2A03C00DCB934 /* Models */,
				2728EA531FE29AF100DCB934 /* AppDelegate.swift */,
				2728EA551FE29AF100DCB934 /* ViewController.swift */,
				2728EA571FE29AF100DCB934 /* Main.storyboard */,
				2728EA5A1FE29AF100DCB934 /* Assets.xcassets */,
				2728EA5C1FE29AF100DCB934 /* LaunchScreen.storyboard */,
				2728EA5F1FE29AF100DCB934 /* Info.plist */,
			);
			path = "PokeApi Decoder";
			sourceTree = "<group>";
		};
		2728EA651FE2A03C00DCB934 /* Models */ = {
			isa = PBXGroup;
			children = (
				2728EA661FE2A04B00DCB934 /* Berry.swift */,
				2728EA681FE2A65200DCB934 /* Firmness.swift */,
				2728EA6A1FE2A66E00DCB934 /* Flavor.swift */,
				2728EA6C1FE2A6E400DCB934 /* Item.swift */,
				2728EA6E1FE2A6FA00DCB934 /* NaturalGiftType.swift */,
			);
			path = Models;
			sourceTree = "<group>";
		};
		2728EA701FE2A75300DCB934 /* Constants */ = {
			isa = PBXGroup;
			children = (
				2728EA711FE2A77300DCB934 /* Urls.swift */,
			);
			path = Constants;
			sourceTree = "<group>";
		};
		275E51721FE2BDE6003FE597 /* Services */ = {
			isa = PBXGroup;
			children = (
				275E51731FE2BE23003FE597 /* MoyaLayer.swift */,
				275E51761FE2D2AF003FE597 /* RequestClient.swift */,
				275E51781FE2D553003FE597 /* JSONCoder.swift */,
			);
			path = Services;
			sourceTree = "<group>";
		};
		653B72B27E17EFCBC70EDA98 /* Frameworks */ = {
			isa = PBXGroup;
			children = (
				8D16D1DC5268236EE3FD09B3 /* Pods_PokeApi_Client___JSON_Decoder.framework */,
			);
			name = Frameworks;
			sourceTree = "<group>";
		};
		9C118000AF55B9E866D5033B /* Pods */ = {
			isa = PBXGroup;
			children = (
				55F67480F2619B6DFD8BF9CE /* Pods-PokeApi Client - JSON Decoder.debug.xcconfig */,
				90E84F24D1BA810DE073F082 /* Pods-PokeApi Client - JSON Decoder.release.xcconfig */,
			);
			name = Pods;
			sourceTree = "<group>";
		};
/* End PBXGroup section */

/* Begin PBXNativeTarget section */
		2728EA4F1FE29AF100DCB934 /* PokeApi Decoder */ = {
			isa = PBXNativeTarget;
			buildConfigurationList = 2728EA621FE29AF100DCB934 /* Build configuration list for PBXNativeTarget "PokeApi Decoder" */;
			buildPhases = (
				E074C6F11B7F90A695E65103 /* [CP] Check Pods Manifest.lock */,
				2728EA4C1FE29AF100DCB934 /* Sources */,
				2728EA4D1FE29AF100DCB934 /* Frameworks */,
				2728EA4E1FE29AF100DCB934 /* Resources */,
				BC50464129377845BD160C20 /* [CP] Embed Pods Frameworks */,
				22D20755206B515B1F98D46D /* [CP] Copy Pods Resources */,
			);
			buildRules = (
			);
			dependencies = (
			);
			name = "PokeApi Decoder";
			productName = "PokeApi Client - JSON Decoder";
			productReference = 2728EA501FE29AF100DCB934 /* PokeApi Decoder.app */;
			productType = "com.apple.product-type.application";
		};
/* End PBXNativeTarget section */

/* Begin PBXProject section */
		2728EA481FE29AF100DCB934 /* Project object */ = {
			isa = PBXProject;
			attributes = {
				LastSwiftUpdateCheck = 0920;
				LastUpgradeCheck = 0920;
				ORGANIZATIONNAME = "Tiago Santos";
				TargetAttributes = {
					2728EA4F1FE29AF100DCB934 = {
						CreatedOnToolsVersion = 9.2;
						ProvisioningStyle = Automatic;
					};
				};
			};
			buildConfigurationList = 2728EA4B1FE29AF100DCB934 /* Build configuration list for PBXProject "PokeApi Decoder" */;
			compatibilityVersion = "Xcode 8.0";
			developmentRegion = en;
			hasScannedForEncodings = 0;
			knownRegions = (
				en,
				Base,
			);
			mainGroup = 2728EA471FE29AF100DCB934;
			productRefGroup = 2728EA511FE29AF100DCB934 /* Products */;
			projectDirPath = "";
			projectRoot = "";
			targets = (
				2728EA4F1FE29AF100DCB934 /* PokeApi Decoder */,
			);
		};
/* End PBXProject section */

/* Begin PBXResourcesBuildPhase section */
		2728EA4E1FE29AF100DCB934 /* Resources */ = {
			isa = PBXResourcesBuildPhase;
			buildActionMask = 2147483647;
			files = (
				2728EA5E1FE29AF100DCB934 /* LaunchScreen.storyboard in Resources */,
				2728EA5B1FE29AF100DCB934 /* Assets.xcassets in Resources */,
				2728EA591FE29AF100DCB934 /* Main.storyboard in Resources */,
			);
			runOnlyForDeploymentPostprocessing = 0;
		};
/* End PBXResourcesBuildPhase section */

/* Begin PBXShellScriptBuildPhase section */
		22D20755206B515B1F98D46D /* [CP] Copy Pods Resources */ = {
			isa = PBXShellScriptBuildPhase;
			buildActionMask = 2147483647;
			files = (
			);
			inputPaths = (
			);
			name = "[CP] Copy Pods Resources";
			outputPaths = (
			);
			runOnlyForDeploymentPostprocessing = 0;
			shellPath = /bin/sh;
			shellScript = "\"${SRCROOT}/Pods/Target Support Files/Pods-PokeApi Client - JSON Decoder/Pods-PokeApi Client - JSON Decoder-resources.sh\"\n";
			showEnvVarsInLog = 0;
		};
		BC50464129377845BD160C20 /* [CP] Embed Pods Frameworks */ = {
			isa = PBXShellScriptBuildPhase;
			buildActionMask = 2147483647;
			files = (
			);
			inputPaths = (
			);
			name = "[CP] Embed Pods Frameworks";
			outputPaths = (
			);
			runOnlyForDeploymentPostprocessing = 0;
			shellPath = /bin/sh;
			shellScript = "\"${SRCROOT}/Pods/Target Support Files/Pods-PokeApi Client - JSON Decoder/Pods-PokeApi Client - JSON Decoder-frameworks.sh\"\n";
			showEnvVarsInLog = 0;
		};
		E074C6F11B7F90A695E65103 /* [CP] Check Pods Manifest.lock */ = {
			isa = PBXShellScriptBuildPhase;
			buildActionMask = 2147483647;
			files = (
			);
			inputPaths = (
			);
			name = "[CP] Check Pods Manifest.lock";
			outputPaths = (
			);
			runOnlyForDeploymentPostprocessing = 0;
			shellPath = /bin/sh;
			shellScript = "diff \"${PODS_ROOT}/../Podfile.lock\" \"${PODS_ROOT}/Manifest.lock\" > /dev/null\nif [ $? != 0 ] ; then\n    # print error to STDERR\n    echo \"error: The sandbox is not in sync with the Podfile.lock. Run 'pod install' or update your CocoaPods installation.\" >&2\n    exit 1\nfi\n";
			showEnvVarsInLog = 0;
		};
/* End PBXShellScriptBuildPhase section */

/* Begin PBXSourcesBuildPhase section */
		2728EA4C1FE29AF100DCB934 /* Sources */ = {
			isa = PBXSourcesBuildPhase;
			buildActionMask = 2147483647;
			files = (
				275E51771FE2D2AF003FE597 /* RequestClient.swift in Sources */,
				2728EA561FE29AF100DCB934 /* ViewController.swift in Sources */,
				2728EA691FE2A65200DCB934 /* Firmness.swift in Sources */,
				275E51741FE2BE23003FE597 /* MoyaLayer.swift in Sources */,
				2728EA6F1FE2A6FA00DCB934 /* NaturalGiftType.swift in Sources */,
				2728EA721FE2A77300DCB934 /* Urls.swift in Sources */,
				275E51791FE2D553003FE597 /* JSONCoder.swift in Sources */,
				2728EA6B1FE2A66E00DCB934 /* Flavor.swift in Sources */,
				2728EA541FE29AF100DCB934 /* AppDelegate.swift in Sources */,
				2728EA6D1FE2A6E400DCB934 /* Item.swift in Sources */,
				2728EA671FE2A04B00DCB934 /* Berry.swift in Sources */,
			);
			runOnlyForDeploymentPostprocessing = 0;
		};
/* End PBXSourcesBuildPhase section */

/* Begin PBXVariantGroup section */
		2728EA571FE29AF100DCB934 /* Main.storyboard */ = {
			isa = PBXVariantGroup;
			children = (
				2728EA581FE29AF100DCB934 /* Base */,
			);
			name = Main.storyboard;
			sourceTree = "<group>";
		};
		2728EA5C1FE29AF100DCB934 /* LaunchScreen.storyboard */ = {
			isa = PBXVariantGroup;
			children = (
				2728EA5D1FE29AF100DCB934 /* Base */,
			);
			name = LaunchScreen.storyboard;
			sourceTree = "<group>";
		};
/* End PBXVariantGroup section */

/* Begin XCBuildConfiguration section */
		2728EA601FE29AF100DCB934 /* Debug */ = {
			isa = XCBuildConfiguration;
			buildSettings = {
				ALWAYS_SEARCH_USER_PATHS = NO;
				CLANG_ANALYZER_NONNULL = YES;
				CLANG_ANALYZER_NUMBER_OBJECT_CONVERSION = YES_AGGRESSIVE;
				CLANG_CXX_LANGUAGE_STANDARD = "gnu++14";
				CLANG_CXX_LIBRARY = "libc++";
				CLANG_ENABLE_MODULES = YES;
				CLANG_ENABLE_OBJC_ARC = YES;
				CLANG_WARN_BLOCK_CAPTURE_AUTORELEASING = YES;
				CLANG_WARN_BOOL_CONVERSION = YES;
				CLANG_WARN_COMMA = YES;
				CLANG_WARN_CONSTANT_CONVERSION = YES;
				CLANG_WARN_DIRECT_OBJC_ISA_USAGE = YES_ERROR;
				CLANG_WARN_DOCUMENTATION_COMMENTS = YES;
				CLANG_WARN_EMPTY_BODY = YES;
				CLANG_WARN_ENUM_CONVERSION = YES;
				CLANG_WARN_INFINITE_RECURSION = YES;
				CLANG_WARN_INT_CONVERSION = YES;
				CLANG_WARN_NON_LITERAL_NULL_CONVERSION = YES;
				CLANG_WARN_OBJC_LITERAL_CONVERSION = YES;
				CLANG_WARN_OBJC_ROOT_CLASS = YES_ERROR;
				CLANG_WARN_RANGE_LOOP_ANALYSIS = YES;
				CLANG_WARN_STRICT_PROTOTYPES = YES;
				CLANG_WARN_SUSPICIOUS_MOVE = YES;
				CLANG_WARN_UNGUARDED_AVAILABILITY = YES_AGGRESSIVE;
				CLANG_WARN_UNREACHABLE_CODE = YES;
				CLANG_WARN__DUPLICATE_METHOD_MATCH = YES;
				CODE_SIGN_IDENTITY = "iPhone Developer";
				COPY_PHASE_STRIP = NO;
				DEBUG_INFORMATION_FORMAT = dwarf;
				ENABLE_STRICT_OBJC_MSGSEND = YES;
				ENABLE_TESTABILITY = YES;
				GCC_C_LANGUAGE_STANDARD = gnu11;
				GCC_DYNAMIC_NO_PIC = NO;
				GCC_NO_COMMON_BLOCKS = YES;
				GCC_OPTIMIZATION_LEVEL = 0;
				GCC_PREPROCESSOR_DEFINITIONS = (
					"DEBUG=1",
					"$(inherited)",
				);
				GCC_WARN_64_TO_32_BIT_CONVERSION = YES;
				GCC_WARN_ABOUT_RETURN_TYPE = YES_ERROR;
				GCC_WARN_UNDECLARED_SELECTOR = YES;
				GCC_WARN_UNINITIALIZED_AUTOS = YES_AGGRESSIVE;
				GCC_WARN_UNUSED_FUNCTION = YES;
				GCC_WARN_UNUSED_VARIABLE = YES;
				IPHONEOS_DEPLOYMENT_TARGET = 11.2;
				MTL_ENABLE_DEBUG_INFO = YES;
				ONLY_ACTIVE_ARCH = YES;
				SDKROOT = iphoneos;
				SWIFT_ACTIVE_COMPILATION_CONDITIONS = DEBUG;
				SWIFT_OPTIMIZATION_LEVEL = "-Onone";
			};
			name = Debug;
		};
		2728EA611FE29AF100DCB934 /* Release */ = {
			isa = XCBuildConfiguration;
			buildSettings = {
				ALWAYS_SEARCH_USER_PATHS = NO;
				CLANG_ANALYZER_NONNULL = YES;
				CLANG_ANALYZER_NUMBER_OBJECT_CONVERSION = YES_AGGRESSIVE;
				CLANG_CXX_LANGUAGE_STANDARD = "gnu++14";
				CLANG_CXX_LIBRARY = "libc++";
				CLANG_ENABLE_MODULES = YES;
				CLANG_ENABLE_OBJC_ARC = YES;
				CLANG_WARN_BLOCK_CAPTURE_AUTORELEASING = YES;
				CLANG_WARN_BOOL_CONVERSION = YES;
				CLANG_WARN_COMMA = YES;
				CLANG_WARN_CONSTANT_CONVERSION = YES;
				CLANG_WARN_DIRECT_OBJC_ISA_USAGE = YES_ERROR;
				CLANG_WARN_DOCUMENTATION_COMMENTS = YES;
				CLANG_WARN_EMPTY_BODY = YES;
				CLANG_WARN_ENUM_CONVERSION = YES;
				CLANG_WARN_INFINITE_RECURSION = YES;
				CLANG_WARN_INT_CONVERSION = YES;
				CLANG_WARN_NON_LITERAL_NULL_CONVERSION = YES;
				CLANG_WARN_OBJC_LITERAL_CONVERSION = YES;
				CLANG_WARN_OBJC_ROOT_CLASS = YES_ERROR;
				CLANG_WARN_RANGE_LOOP_ANALYSIS = YES;
				CLANG_WARN_STRICT_PROTOTYPES = YES;
				CLANG_WARN_SUSPICIOUS_MOVE = YES;
				CLANG_WARN_UNGUARDED_AVAILABILITY = YES_AGGRESSIVE;
				CLANG_WARN_UNREACHABLE_CODE = YES;
				CLANG_WARN__DUPLICATE_METHOD_MATCH = YES;
				CODE_SIGN_IDENTITY = "iPhone Developer";
				COPY_PHASE_STRIP = NO;
				DEBUG_INFORMATION_FORMAT = "dwarf-with-dsym";
				ENABLE_NS_ASSERTIONS = NO;
				ENABLE_STRICT_OBJC_MSGSEND = YES;
				GCC_C_LANGUAGE_STANDARD = gnu11;
				GCC_NO_COMMON_BLOCKS = YES;
				GCC_WARN_64_TO_32_BIT_CONVERSION = YES;
				GCC_WARN_ABOUT_RETURN_TYPE = YES_ERROR;
				GCC_WARN_UNDECLARED_SELECTOR = YES;
				GCC_WARN_UNINITIALIZED_AUTOS = YES_AGGRESSIVE;
				GCC_WARN_UNUSED_FUNCTION = YES;
				GCC_WARN_UNUSED_VARIABLE = YES;
				IPHONEOS_DEPLOYMENT_TARGET = 11.2;
				MTL_ENABLE_DEBUG_INFO = NO;
				SDKROOT = iphoneos;
				SWIFT_OPTIMIZATION_LEVEL = "-Owholemodule";
				VALIDATE_PRODUCT = YES;
			};
			name = Release;
		};
		2728EA631FE29AF100DCB934 /* Debug */ = {
			isa = XCBuildConfiguration;
			baseConfigurationReference = 55F67480F2619B6DFD8BF9CE /* Pods-PokeApi Client - JSON Decoder.debug.xcconfig */;
			buildSettings = {
				ASSETCATALOG_COMPILER_APPICON_NAME = AppIcon;
				CODE_SIGN_STYLE = Automatic;
				DEVELOPMENT_TEAM = 64E8842TP6;
				INFOPLIST_FILE = "$(SRCROOT)/PokeApi Decoder/Info.plist";
				LD_RUNPATH_SEARCH_PATHS = "$(inherited) @executable_path/Frameworks";
				PRODUCT_BUNDLE_IDENTIFIER = "Tiago-Santos.PokeApi-Decoder";
				PRODUCT_NAME = "$(TARGET_NAME)";
				SWIFT_VERSION = 4.0;
				TARGETED_DEVICE_FAMILY = "1,2";
			};
			name = Debug;
		};
		2728EA641FE29AF100DCB934 /* Release */ = {
			isa = XCBuildConfiguration;
			baseConfigurationReference = 90E84F24D1BA810DE073F082 /* Pods-PokeApi Client - JSON Decoder.release.xcconfig */;
			buildSettings = {
				ASSETCATALOG_COMPILER_APPICON_NAME = AppIcon;
				CODE_SIGN_STYLE = Automatic;
				DEVELOPMENT_TEAM = 64E8842TP6;
				INFOPLIST_FILE = "$(SRCROOT)/PokeApi Decoder/Info.plist";
				LD_RUNPATH_SEARCH_PATHS = "$(inherited) @executable_path/Frameworks";
				PRODUCT_BUNDLE_IDENTIFIER = "Tiago-Santos.PokeApi-Decoder";
				PRODUCT_NAME = "$(TARGET_NAME)";
				SWIFT_VERSION = 4.0;
				TARGETED_DEVICE_FAMILY = "1,2";
			};
			name = Release;
		};
/* End XCBuildConfiguration section */

/* Begin XCConfigurationList section */
		2728EA4B1FE29AF100DCB934 /* Build configuration list for PBXProject "PokeApi Decoder" */ = {
			isa = XCConfigurationList;
			buildConfigurations = (
				2728EA601FE29AF100DCB934 /* Debug */,
				2728EA611FE29AF100DCB934 /* Release */,
			);
			defaultConfigurationIsVisible = 0;
			defaultConfigurationName = Release;
		};
		2728EA621FE29AF100DCB934 /* Build configuration list for PBXNativeTarget "PokeApi Decoder" */ = {
			isa = XCConfigurationList;
			buildConfigurations = (
				2728EA631FE29AF100DCB934 /* Debug */,
				2728EA641FE29AF100DCB934 /* Release */,
			);
			defaultConfigurationIsVisible = 0;
			defaultConfigurationName = Release;
		};
/* End XCConfigurationList section */
	};
	rootObject = 2728EA481FE29AF100DCB934 /* Project object */;
}
